// !$*UTF8*$!
{
	archiveVersion = 1;
	classes = {
	};
	objectVersion = 46;
	objects = {

/* Begin PBXBuildFile section */
		AA75B5BF15EC62B5008151B6 /* Foundation.framework in Frameworks */ = {isa = PBXBuildFile; fileRef = AA75B5BE15EC62B5008151B6 /* Foundation.framework */; };
		AA75B5D015EC6335008151B6 /* ckfft.cpp in Sources */ = {isa = PBXBuildFile; fileRef = AA75B5CF15EC6335008151B6 /* ckfft.cpp */; };
		AA8DE01516364D1000D67317 /* fft_neon.cpp in Sources */ = {isa = PBXBuildFile; fileRef = AA8DE00F16364D1000D67317 /* fft_neon.cpp */; };
		AA8DE01616364D1000D67317 /* fft.cpp in Sources */ = {isa = PBXBuildFile; fileRef = AA8DE01116364D1000D67317 /* fft.cpp */; };
		AAD326C51608FE8500984DE2 /* context.cpp in Sources */ = {isa = PBXBuildFile; fileRef = AAD326C41608FE8500984DE2 /* context.cpp */; };
/* End PBXBuildFile section */

/* Begin PBXCopyFilesBuildPhase section */
		AA75B5B915EC62B5008151B6 /* CopyFiles */ = {
			isa = PBXCopyFilesBuildPhase;
			buildActionMask = 2147483647;
			dstPath = "include/${PRODUCT_NAME}";
			dstSubfolderSpec = 16;
			files = (
			);
			runOnlyForDeploymentPostprocessing = 0;
		};
/* End PBXCopyFilesBuildPhase section */

/* Begin PBXFileReference section */
		AA75B5BB15EC62B5008151B6 /* libckfft_ios.a */ = {isa = PBXFileReference; explicitFileType = archive.ar; includeInIndex = 0; path = libckfft_ios.a; sourceTree = BUILT_PRODUCTS_DIR; };
		AA75B5BE15EC62B5008151B6 /* Foundation.framework */ = {isa = PBXFileReference; lastKnownFileType = wrapper.framework; name = Foundation.framework; path = System/Library/Frameworks/Foundation.framework; sourceTree = SDKROOT; };
		AA75B5CF15EC6335008151B6 /* ckfft.cpp */ = {isa = PBXFileReference; fileEncoding = 4; lastKnownFileType = sourcecode.cpp.cpp; path = ckfft.cpp; sourceTree = "<group>"; };
		AA8DE00D16364D1000D67317 /* context.h */ = {isa = PBXFileReference; fileEncoding = 4; lastKnownFileType = sourcecode.c.h; path = context.h; sourceTree = "<group>"; };
		AA8DE00E16364D1000D67317 /* debug.h */ = {isa = PBXFileReference; fileEncoding = 4; lastKnownFileType = sourcecode.c.h; path = debug.h; sourceTree = "<group>"; };
		AA8DE00F16364D1000D67317 /* fft_neon.cpp */ = {isa = PBXFileReference; fileEncoding = 4; lastKnownFileType = sourcecode.cpp.cpp; path = fft_neon.cpp; sourceTree = "<group>"; };
		AA8DE01016364D1000D67317 /* fft_neon.h */ = {isa = PBXFileReference; fileEncoding = 4; lastKnownFileType = sourcecode.c.h; path = fft_neon.h; sourceTree = "<group>"; };
		AA8DE01116364D1000D67317 /* fft.cpp */ = {isa = PBXFileReference; fileEncoding = 4; lastKnownFileType = sourcecode.cpp.cpp; path = fft.cpp; sourceTree = "<group>"; };
		AA8DE01216364D1000D67317 /* fft.h */ = {isa = PBXFileReference; fileEncoding = 4; lastKnownFileType = sourcecode.c.h; path = fft.h; sourceTree = "<group>"; };
		AA8DE01316364D1000D67317 /* math.h */ = {isa = PBXFileReference; fileEncoding = 4; lastKnownFileType = sourcecode.c.h; path = math.h; sourceTree = "<group>"; };
		AA8DE01416364D1000D67317 /* platform.h */ = {isa = PBXFileReference; fileEncoding = 4; lastKnownFileType = sourcecode.c.h; path = platform.h; sourceTree = "<group>"; };
		AAD326C41608FE8500984DE2 /* context.cpp */ = {isa = PBXFileReference; fileEncoding = 4; lastKnownFileType = sourcecode.cpp.cpp; path = context.cpp; sourceTree = "<group>"; };
/* End PBXFileReference section */

/* Begin PBXFrameworksBuildPhase section */
		AA75B5B815EC62B5008151B6 /* Frameworks */ = {
			isa = PBXFrameworksBuildPhase;
			buildActionMask = 2147483647;
			files = (
				AA75B5BF15EC62B5008151B6 /* Foundation.framework in Frameworks */,
			);
			runOnlyForDeploymentPostprocessing = 0;
		};
/* End PBXFrameworksBuildPhase section */

/* Begin PBXGroup section */
		AA75B5B015EC62B5008151B6 = {
			isa = PBXGroup;
			children = (
				AA75B5CF15EC6335008151B6 /* ckfft.cpp */,
				AAD326C41608FE8500984DE2 /* context.cpp */,
				AA8DE00D16364D1000D67317 /* context.h */,
				AA8DE00E16364D1000D67317 /* debug.h */,
				AA8DE01116364D1000D67317 /* fft.cpp */,
				AA8DE01216364D1000D67317 /* fft.h */,
				AA8DE00F16364D1000D67317 /* fft_neon.cpp */,
				AA8DE01016364D1000D67317 /* fft_neon.h */,
				AA8DE01316364D1000D67317 /* math.h */,
				AA8DE01416364D1000D67317 /* platform.h */,
				AA75B5BD15EC62B5008151B6 /* Frameworks */,
				AA75B5BC15EC62B5008151B6 /* Products */,
			);
			sourceTree = "<group>";
		};
		AA75B5BC15EC62B5008151B6 /* Products */ = {
			isa = PBXGroup;
			children = (
				AA75B5BB15EC62B5008151B6 /* libckfft_ios.a */,
			);
			name = Products;
			sourceTree = "<group>";
		};
		AA75B5BD15EC62B5008151B6 /* Frameworks */ = {
			isa = PBXGroup;
			children = (
				AA75B5BE15EC62B5008151B6 /* Foundation.framework */,
			);
			name = Frameworks;
			sourceTree = "<group>";
		};
/* End PBXGroup section */

/* Begin PBXNativeTarget section */
		AA75B5BA15EC62B5008151B6 /* ckfft_ios */ = {
			isa = PBXNativeTarget;
			buildConfigurationList = AA75B5C915EC62B5008151B6 /* Build configuration list for PBXNativeTarget "ckfft_ios" */;
			buildPhases = (
				AA75B5B715EC62B5008151B6 /* Sources */,
				AA75B5B815EC62B5008151B6 /* Frameworks */,
				AA75B5B915EC62B5008151B6 /* CopyFiles */,
			);
			buildRules = (
			);
			dependencies = (
			);
			name = ckfft_ios;
			productName = ckfft_ios;
			productReference = AA75B5BB15EC62B5008151B6 /* libckfft_ios.a */;
			productType = "com.apple.product-type.library.static";
		};
/* End PBXNativeTarget section */

/* Begin PBXProject section */
		AA75B5B215EC62B5008151B6 /* Project object */ = {
			isa = PBXProject;
			attributes = {
				LastUpgradeCheck = 0440;
				ORGANIZATIONNAME = "Cricket Technology";
			};
			buildConfigurationList = AA75B5B515EC62B5008151B6 /* Build configuration list for PBXProject "ckfft_ios" */;
			compatibilityVersion = "Xcode 3.2";
			developmentRegion = English;
			hasScannedForEncodings = 0;
			knownRegions = (
				en,
			);
			mainGroup = AA75B5B015EC62B5008151B6;
			productRefGroup = AA75B5BC15EC62B5008151B6 /* Products */;
			projectDirPath = "";
			projectRoot = "";
			targets = (
				AA75B5BA15EC62B5008151B6 /* ckfft_ios */,
			);
		};
/* End PBXProject section */

/* Begin PBXSourcesBuildPhase section */
		AA75B5B715EC62B5008151B6 /* Sources */ = {
			isa = PBXSourcesBuildPhase;
			buildActionMask = 2147483647;
			files = (
				AA75B5D015EC6335008151B6 /* ckfft.cpp in Sources */,
				AAD326C51608FE8500984DE2 /* context.cpp in Sources */,
				AA8DE01516364D1000D67317 /* fft_neon.cpp in Sources */,
				AA8DE01616364D1000D67317 /* fft.cpp in Sources */,
			);
			runOnlyForDeploymentPostprocessing = 0;
		};
/* End PBXSourcesBuildPhase section */

/* Begin XCBuildConfiguration section */
		AA75B5C715EC62B5008151B6 /* Debug */ = {
			isa = XCBuildConfiguration;
			buildSettings = {
				ALWAYS_SEARCH_USER_PATHS = NO;
				ARCHS = "$(ARCHS_STANDARD_32_BIT)";
				CLANG_CXX_LANGUAGE_STANDARD = "gnu++0x";
				CLANG_WARN__DUPLICATE_METHOD_MATCH = YES;
				COPY_PHASE_STRIP = NO;
				GCC_C_LANGUAGE_STANDARD = gnu99;
				GCC_DYNAMIC_NO_PIC = NO;
				GCC_OPTIMIZATION_LEVEL = 0;
				GCC_PREPROCESSOR_DEFINITIONS = (
					"DEBUG=1",
					"$(inherited)",
				);
				GCC_SYMBOLS_PRIVATE_EXTERN = NO;
				GCC_VERSION = com.apple.compilers.llvm.clang.1_0;
				GCC_WARN_ABOUT_RETURN_TYPE = YES;
				GCC_WARN_UNINITIALIZED_AUTOS = YES;
				GCC_WARN_UNUSED_VARIABLE = YES;
				IPHONEOS_DEPLOYMENT_TARGET = 5.1;
				SDKROOT = iphoneos;
			};
			name = Debug;
		};
		AA75B5C815EC62B5008151B6 /* Release */ = {
			isa = XCBuildConfiguration;
			buildSettings = {
				ALWAYS_SEARCH_USER_PATHS = NO;
				ARCHS = "$(ARCHS_STANDARD_32_BIT)";
				CLANG_CXX_LANGUAGE_STANDARD = "gnu++0x";
				CLANG_WARN__DUPLICATE_METHOD_MATCH = YES;
				COPY_PHASE_STRIP = YES;
				GCC_C_LANGUAGE_STANDARD = gnu99;
				GCC_VERSION = com.apple.compilers.llvm.clang.1_0;
				GCC_WARN_ABOUT_RETURN_TYPE = YES;
				GCC_WARN_UNINITIALIZED_AUTOS = YES;
				GCC_WARN_UNUSED_VARIABLE = YES;
				IPHONEOS_DEPLOYMENT_TARGET = 5.1;
				SDKROOT = iphoneos;
				VALIDATE_PRODUCT = YES;
			};
			name = Release;
		};
		AA75B5CA15EC62B5008151B6 /* Debug */ = {
			isa = XCBuildConfiguration;
			buildSettings = {
				DSTROOT = /tmp/ckfft_ios.dst;
				GCC_PRECOMPILE_PREFIX_HEADER = YES;
				HEADER_SEARCH_PATHS = (
					../../inc,
					../../src,
				);
				OTHER_LDFLAGS = "-ObjC";
				PRODUCT_NAME = "$(TARGET_NAME)";
				SKIP_INSTALL = YES;
			};
			name = Debug;
		};
		AA75B5CB15EC62B5008151B6 /* Release */ = {
			isa = XCBuildConfiguration;
			buildSettings = {
				DSTROOT = /tmp/ckfft_ios.dst;
				GCC_PRECOMPILE_PREFIX_HEADER = YES;
				HEADER_SEARCH_PATHS = (
					../../inc,
					../../src,
				);
				OTHER_LDFLAGS = "-ObjC";
				PRODUCT_NAME = "$(TARGET_NAME)";
				SKIP_INSTALL = YES;
			};
			name = Release;
		};
/* End XCBuildConfiguration section */

/* Begin XCConfigurationList section */
		AA75B5B515EC62B5008151B6 /* Build configuration list for PBXProject "ckfft_ios" */ = {
			isa = XCConfigurationList;
			buildConfigurations = (
				AA75B5C715EC62B5008151B6 /* Debug */,
				AA75B5C815EC62B5008151B6 /* Release */,
			);
			defaultConfigurationIsVisible = 0;
			defaultConfigurationName = Release;
		};
		AA75B5C915EC62B5008151B6 /* Build configuration list for PBXNativeTarget "ckfft_ios" */ = {
			isa = XCConfigurationList;
			buildConfigurations = (
				AA75B5CA15EC62B5008151B6 /* Debug */,
				AA75B5CB15EC62B5008151B6 /* Release */,
			);
			defaultConfigurationIsVisible = 0;
			defaultConfigurationName = Release;
		};
/* End XCConfigurationList section */
	};
	rootObject = AA75B5B215EC62B5008151B6 /* Project object */;
}
